
Microsoft Visual Studio Solution File, Format Version 12.00
# Visual Studio Version 17
VisualStudioVersion = 17.0.31903.59
MinimumVisualStudioVersion = 10.0.40219.1
Project("{FAE04EC0-301F-11D3-BF4B-00C04F79EFBC}") = "w05p01-probnik_kolorow_wpf", "w05p01-probnik_kolorow_wpf\w05p01-probnik_kolorow_wpf.csproj", "{6B141872-D7A9-4351-AFE6-3894DE9D7BF3}"
EndProject
Global
	GlobalSection(SolutionConfigurationPlatforms) = preSolution
		Debug|Any CPU = Debug|Any CPU
		Release|Any CPU = Release|Any CPU
	EndGlobalSection
	GlobalSection(ProjectConfigurationPlatforms) = postSolution
		{6B141872-D7A9-4351-AFE6-3894DE9D7BF3}.Debug|Any CPU.ActiveCfg = Debug|Any CPU
		{6B141872-D7A9-4351-AFE6-3894DE9D7BF3}.Debug|Any CPU.Build.0 = Debug|Any CPU
		{6B141872-D7A9-4351-AFE6-3894DE9D7BF3}.Release|Any CPU.ActiveCfg = Release|Any CPU
		{6B141872-D7A9-4351-AFE6-3894DE9D7BF3}.Release|Any CPU.Build.0 = Release|Any CPU
	EndGlobalSection
	GlobalSection(SolutionProperties) = preSolution
		HideSolutionNode = FALSE
	EndGlobalSection
	GlobalSection(ExtensibilityGlobals) = postSolution
		SolutionGuid = {B7BAB0A1-3A1A-4090-86AB-5B5952EA85A6}
	EndGlobalSection
EndGlobal
