
Microsoft Visual Studio Solution File, Format Version 12.00
# Visual Studio Version 17
VisualStudioVersion = 17.0.31903.59
MinimumVisualStudioVersion = 10.0.40219.1
Project("{FAE04EC0-301F-11D3-BF4B-00C04F79EFBC}") = "w07p01-pliki", "w07p01-pliki\w07p01-pliki.csproj", "{BABD99FA-C93F-4658-A0C3-5793C2590739}"
EndProject
Global
	GlobalSection(SolutionConfigurationPlatforms) = preSolution
		Debug|Any CPU = Debug|Any CPU
		Release|Any CPU = Release|Any CPU
	EndGlobalSection
	GlobalSection(ProjectConfigurationPlatforms) = postSolution
		{BABD99FA-C93F-4658-A0C3-5793C2590739}.Debug|Any CPU.ActiveCfg = Debug|Any CPU
		{BABD99FA-C93F-4658-A0C3-5793C2590739}.Debug|Any CPU.Build.0 = Debug|Any CPU
		{BABD99FA-C93F-4658-A0C3-5793C2590739}.Release|Any CPU.ActiveCfg = Release|Any CPU
		{BABD99FA-C93F-4658-A0C3-5793C2590739}.Release|Any CPU.Build.0 = Release|Any CPU
	EndGlobalSection
	GlobalSection(SolutionProperties) = preSolution
		HideSolutionNode = FALSE
	EndGlobalSection
	GlobalSection(ExtensibilityGlobals) = postSolution
		SolutionGuid = {BA763A04-8F0A-4E40-B5E3-AB313247C0C3}
	EndGlobalSection
EndGlobal
