
Microsoft Visual Studio Solution File, Format Version 12.00
# Visual Studio Version 16
VisualStudioVersion = 16.0.31702.278
MinimumVisualStudioVersion = 10.0.40219.1
Project("{FAE04EC0-301F-11D3-BF4B-00C04F79EFBC}") = "w04p02", "w04p02\w04p02.csproj", "{57CF2D03-730D-4AD7-848C-33A7930FC626}"
EndProject
Global
	GlobalSection(SolutionConfigurationPlatforms) = preSolution
		Debug|Any CPU = Debug|Any CPU
		Release|Any CPU = Release|Any CPU
	EndGlobalSection
	GlobalSection(ProjectConfigurationPlatforms) = postSolution
		{57CF2D03-730D-4AD7-848C-33A7930FC626}.Debug|Any CPU.ActiveCfg = Debug|Any CPU
		{57CF2D03-730D-4AD7-848C-33A7930FC626}.Debug|Any CPU.Build.0 = Debug|Any CPU
		{57CF2D03-730D-4AD7-848C-33A7930FC626}.Release|Any CPU.ActiveCfg = Release|Any CPU
		{57CF2D03-730D-4AD7-848C-33A7930FC626}.Release|Any CPU.Build.0 = Release|Any CPU
	EndGlobalSection
	GlobalSection(SolutionProperties) = preSolution
		HideSolutionNode = FALSE
	EndGlobalSection
	GlobalSection(ExtensibilityGlobals) = postSolution
		SolutionGuid = {3E6C75D8-54EC-4E08-9710-DE99E29C3506}
	EndGlobalSection
EndGlobal
