
Microsoft Visual Studio Solution File, Format Version 12.00
# Visual Studio Version 16
VisualStudioVersion = 16.0.31702.278
MinimumVisualStudioVersion = 10.0.40219.1
Project("{FAE04EC0-301F-11D3-BF4B-00C04F79EFBC}") = "w03p03", "w03p03\w03p03.csproj", "{29E4EBBD-D222-4D46-8A24-715156341232}"
EndProject
Global
	GlobalSection(SolutionConfigurationPlatforms) = preSolution
		Debug|Any CPU = Debug|Any CPU
		Release|Any CPU = Release|Any CPU
	EndGlobalSection
	GlobalSection(ProjectConfigurationPlatforms) = postSolution
		{29E4EBBD-D222-4D46-8A24-715156341232}.Debug|Any CPU.ActiveCfg = Debug|Any CPU
		{29E4EBBD-D222-4D46-8A24-715156341232}.Debug|Any CPU.Build.0 = Debug|Any CPU
		{29E4EBBD-D222-4D46-8A24-715156341232}.Release|Any CPU.ActiveCfg = Release|Any CPU
		{29E4EBBD-D222-4D46-8A24-715156341232}.Release|Any CPU.Build.0 = Release|Any CPU
	EndGlobalSection
	GlobalSection(SolutionProperties) = preSolution
		HideSolutionNode = FALSE
	EndGlobalSection
	GlobalSection(ExtensibilityGlobals) = postSolution
		SolutionGuid = {97866377-32D0-4C93-8191-F905315BD612}
	EndGlobalSection
EndGlobal
