
Microsoft Visual Studio Solution File, Format Version 12.00
# Visual Studio Version 16
VisualStudioVersion = 16.0.31702.278
MinimumVisualStudioVersion = 10.0.40219.1
Project("{FAE04EC0-301F-11D3-BF4B-00C04F79EFBC}") = "w02p01", "w02p01\w02p01.csproj", "{EA4EF780-701E-4370-9905-5DE770B2F6BB}"
EndProject
Global
	GlobalSection(SolutionConfigurationPlatforms) = preSolution
		Debug|Any CPU = Debug|Any CPU
		Release|Any CPU = Release|Any CPU
	EndGlobalSection
	GlobalSection(ProjectConfigurationPlatforms) = postSolution
		{EA4EF780-701E-4370-9905-5DE770B2F6BB}.Debug|Any CPU.ActiveCfg = Debug|Any CPU
		{EA4EF780-701E-4370-9905-5DE770B2F6BB}.Debug|Any CPU.Build.0 = Debug|Any CPU
		{EA4EF780-701E-4370-9905-5DE770B2F6BB}.Release|Any CPU.ActiveCfg = Release|Any CPU
		{EA4EF780-701E-4370-9905-5DE770B2F6BB}.Release|Any CPU.Build.0 = Release|Any CPU
	EndGlobalSection
	GlobalSection(SolutionProperties) = preSolution
		HideSolutionNode = FALSE
	EndGlobalSection
	GlobalSection(ExtensibilityGlobals) = postSolution
		SolutionGuid = {4FCA2556-A1C6-400B-BDFA-8CFE9FEB38D8}
	EndGlobalSection
EndGlobal
